
Microsoft Visual Studio Solution File, Format Version 12.00
# Visual Studio Version 16
VisualStudioVersion = 16.0.30711.63
MinimumVisualStudioVersion = 10.0.40219.1
Project("{9A19103F-16F7-4668-BE54-9A1E7A4F7556}") = "PasswordPhilosophy", "PasswordPhilosophy\PasswordPhilosophy.csproj", "{A55A48F5-E268-4C51-B7E8-CDF1A9D3DD1D}"
EndProject
Project("{FAE04EC0-301F-11D3-BF4B-00C04F79EFBC}") = "PasswordPhilosophy.Tests", "PasswordPhilosophy.Tests\PasswordPhilosophy.Tests.csproj", "{720BAABE-A32B-4CAD-A977-5F546DB10A82}"
EndProject
Global
	GlobalSection(SolutionConfigurationPlatforms) = preSolution
		Debug|Any CPU = Debug|Any CPU
		Release|Any CPU = Release|Any CPU
	EndGlobalSection
	GlobalSection(ProjectConfigurationPlatforms) = postSolution
		{A55A48F5-E268-4C51-B7E8-CDF1A9D3DD1D}.Debug|Any CPU.ActiveCfg = Debug|Any CPU
		{A55A48F5-E268-4C51-B7E8-CDF1A9D3DD1D}.Debug|Any CPU.Build.0 = Debug|Any CPU
		{A55A48F5-E268-4C51-B7E8-CDF1A9D3DD1D}.Release|Any CPU.ActiveCfg = Release|Any CPU
		{A55A48F5-E268-4C51-B7E8-CDF1A9D3DD1D}.Release|Any CPU.Build.0 = Release|Any CPU
		{720BAABE-A32B-4CAD-A977-5F546DB10A82}.Debug|Any CPU.ActiveCfg = Debug|Any CPU
		{720BAABE-A32B-4CAD-A977-5F546DB10A82}.Debug|Any CPU.Build.0 = Debug|Any CPU
		{720BAABE-A32B-4CAD-A977-5F546DB10A82}.Release|Any CPU.ActiveCfg = Release|Any CPU
		{720BAABE-A32B-4CAD-A977-5F546DB10A82}.Release|Any CPU.Build.0 = Release|Any CPU
	EndGlobalSection
	GlobalSection(SolutionProperties) = preSolution
		HideSolutionNode = FALSE
	EndGlobalSection
	GlobalSection(ExtensibilityGlobals) = postSolution
		SolutionGuid = {3E12B6ED-0D52-488A-AC97-F813C260FBDA}
	EndGlobalSection
EndGlobal
