
Microsoft Visual Studio Solution File, Format Version 12.00
# Visual Studio Version 16
VisualStudioVersion = 16.0.30717.126
MinimumVisualStudioVersion = 10.0.40219.1
Project("{9A19103F-16F7-4668-BE54-9A1E7A4F7556}") = "PassportProcessing", "PassportProcessing\PassportProcessing.csproj", "{3F1B68CE-A180-49A8-AF47-53AF21B98843}"
EndProject
Project("{FAE04EC0-301F-11D3-BF4B-00C04F79EFBC}") = "PassportProcessing.Tests", "PassportProcessing.Tests\PassportProcessing.Tests.csproj", "{E21CAAF7-962A-478E-8A17-22CBC907FC4F}"
EndProject
Global
	GlobalSection(SolutionConfigurationPlatforms) = preSolution
		Debug|Any CPU = Debug|Any CPU
		Release|Any CPU = Release|Any CPU
	EndGlobalSection
	GlobalSection(ProjectConfigurationPlatforms) = postSolution
		{3F1B68CE-A180-49A8-AF47-53AF21B98843}.Debug|Any CPU.ActiveCfg = Debug|Any CPU
		{3F1B68CE-A180-49A8-AF47-53AF21B98843}.Debug|Any CPU.Build.0 = Debug|Any CPU
		{3F1B68CE-A180-49A8-AF47-53AF21B98843}.Release|Any CPU.ActiveCfg = Release|Any CPU
		{3F1B68CE-A180-49A8-AF47-53AF21B98843}.Release|Any CPU.Build.0 = Release|Any CPU
		{E21CAAF7-962A-478E-8A17-22CBC907FC4F}.Debug|Any CPU.ActiveCfg = Debug|Any CPU
		{E21CAAF7-962A-478E-8A17-22CBC907FC4F}.Debug|Any CPU.Build.0 = Debug|Any CPU
		{E21CAAF7-962A-478E-8A17-22CBC907FC4F}.Release|Any CPU.ActiveCfg = Release|Any CPU
		{E21CAAF7-962A-478E-8A17-22CBC907FC4F}.Release|Any CPU.Build.0 = Release|Any CPU
	EndGlobalSection
	GlobalSection(SolutionProperties) = preSolution
		HideSolutionNode = FALSE
	EndGlobalSection
	GlobalSection(ExtensibilityGlobals) = postSolution
		SolutionGuid = {18394CEB-9387-45E2-8E6C-937DB6AE6B8B}
	EndGlobalSection
EndGlobal
